
Microsoft Visual Studio Solution File, Format Version 12.00
# Visual Studio Version 17
VisualStudioVersion = 17.3.32825.248
MinimumVisualStudioVersion = 10.0.40219.1
Project("{FAE04EC0-301F-11D3-BF4B-00C04F79EFBC}") = "MTCG", "MTCG.csproj", "{C3B78B34-1778-43B1-8CBB-8F0322E7DCD7}"
EndProject
Global
	GlobalSection(SolutionConfigurationPlatforms) = preSolution
		Debug|Any CPU = Debug|Any CPU
		Release|Any CPU = Release|Any CPU
	EndGlobalSection
	GlobalSection(ProjectConfigurationPlatforms) = postSolution
		{C3B78B34-1778-43B1-8CBB-8F0322E7DCD7}.Debug|Any CPU.ActiveCfg = Debug|Any CPU
		{C3B78B34-1778-43B1-8CBB-8F0322E7DCD7}.Debug|Any CPU.Build.0 = Debug|Any CPU
		{C3B78B34-1778-43B1-8CBB-8F0322E7DCD7}.Release|Any CPU.ActiveCfg = Release|Any CPU
		{C3B78B34-1778-43B1-8CBB-8F0322E7DCD7}.Release|Any CPU.Build.0 = Release|Any CPU
	EndGlobalSection
	GlobalSection(SolutionProperties) = preSolution
		HideSolutionNode = FALSE
	EndGlobalSection
	GlobalSection(ExtensibilityGlobals) = postSolution
		SolutionGuid = {7F1D8DAF-51FD-4B8C-AA7E-BEE4ABD598A7}
	EndGlobalSection
EndGlobal
